
Microsoft Visual Studio Solution File, Format Version 12.00
# Visual Studio 15
VisualStudioVersion = 15.0.27428.2002
MinimumVisualStudioVersion = 10.0.40219.1
Project("{FAE04EC0-301F-11D3-BF4B-00C04F79EFBC}") = "Email Sorter Tool", "Email Sorter Tool\Email Sorter Tool.csproj", "{0E0E395E-C364-4763-BA55-A55F3CDAB0BF}"
EndProject
Global
	GlobalSection(SolutionConfigurationPlatforms) = preSolution
		Debug|Any CPU = Debug|Any CPU
		Release|Any CPU = Release|Any CPU
	EndGlobalSection
	GlobalSection(ProjectConfigurationPlatforms) = postSolution
		{0E0E395E-C364-4763-BA55-A55F3CDAB0BF}.Debug|Any CPU.ActiveCfg = Debug|Any CPU
		{0E0E395E-C364-4763-BA55-A55F3CDAB0BF}.Debug|Any CPU.Build.0 = Debug|Any CPU
		{0E0E395E-C364-4763-BA55-A55F3CDAB0BF}.Release|Any CPU.ActiveCfg = Release|Any CPU
		{0E0E395E-C364-4763-BA55-A55F3CDAB0BF}.Release|Any CPU.Build.0 = Release|Any CPU
	EndGlobalSection
	GlobalSection(SolutionProperties) = preSolution
		HideSolutionNode = FALSE
	EndGlobalSection
	GlobalSection(ExtensibilityGlobals) = postSolution
		SolutionGuid = {88D9EF55-17E0-4FF6-B28D-5547E9471EB9}
	EndGlobalSection
EndGlobal
